
Microsoft Visual Studio Solution File, Format Version 12.00
# Visual Studio Version 17
VisualStudioVersion = 17.14.36414.22 d17.14
MinimumVisualStudioVersion = 10.0.40219.1
Project("{FAE04EC0-301F-11D3-BF4B-00C04F79EFBC}") = "ProductService", "ProductService\ProductService.csproj", "{014A7CB7-ADFA-40E5-8C31-F6BE0E503239}"
EndProject
Project("{FAE04EC0-301F-11D3-BF4B-00C04F79EFBC}") = "ProductService.Api", "ProductService.Api\ProductService.Api.csproj", "{63836398-47B8-4DCC-B84A-4C9776894C2D}"
EndProject
Project("{FAE04EC0-301F-11D3-BF4B-00C04F79EFBC}") = "ProductService.Test", "ProductService.Test\ProductService.Test.csproj", "{CE6E503D-1E87-4E32-9D2B-081B94B2D76D}"
EndProject
Project("{FAE04EC0-301F-11D3-BF4B-00C04F79EFBC}") = "PaymentService", "PaymentService\PaymentService.csproj", "{A4E26312-D70C-4F31-9F09-9A487F2D8183}"
EndProject
Project("{FAE04EC0-301F-11D3-BF4B-00C04F79EFBC}") = "PaymentService.Api", "PaymentService.Api\PaymentService.Api.csproj", "{E9E23F41-56DA-443E-AB69-ABB4BE8D3A33}"
EndProject
Project("{FAE04EC0-301F-11D3-BF4B-00C04F79EFBC}") = "PaymentService.Test", "PaymentService.Test\PaymentService.Test.csproj", "{6D2AE06F-4A1D-4EC4-92F5-08DF90ABB106}"
EndProject
Project("{FAE04EC0-301F-11D3-BF4B-00C04F79EFBC}") = "PricingService", "PricingService\PricingService.csproj", "{AAD03898-0AAE-4576-A040-3500ECE9FF1A}"
EndProject
Project("{FAE04EC0-301F-11D3-BF4B-00C04F79EFBC}") = "PricingService.Api", "PricingService.Api\PricingService.Api.csproj", "{AC5ABFC8-2966-4D88-948D-069E9E861CCA}"
EndProject
Project("{FAE04EC0-301F-11D3-BF4B-00C04F79EFBC}") = "PricingService.Test", "PricingService.Test\PricingService.Test.csproj", "{9E8B1F00-8036-4B3F-AEF2-C60207D5F25A}"
EndProject
Project("{FAE04EC0-301F-11D3-BF4B-00C04F79EFBC}") = "PolicyService", "PolicyService\PolicyService.csproj", "{2E8597E1-17FE-44DF-AA99-559C06560A4E}"
EndProject
Project("{FAE04EC0-301F-11D3-BF4B-00C04F79EFBC}") = "PolicyService.Api", "PolicyService.Api\PolicyService.Api.csproj", "{006C7DE6-091A-48DE-BF06-9CEED08838D6}"
EndProject
Project("{FAE04EC0-301F-11D3-BF4B-00C04F79EFBC}") = "PolicyService.Test", "PolicyService.Test\PolicyService.Test.csproj", "{6DB17623-0749-4E4B-9D1E-FA8A0CE1B84A}"
EndProject
Project("{FAE04EC0-301F-11D3-BF4B-00C04F79EFBC}") = "PolicySearchService", "PolicySearchService\PolicySearchService.csproj", "{030BB2F3-1A4E-42E6-BB57-1ECFE9B116B8}"
EndProject
Project("{FAE04EC0-301F-11D3-BF4B-00C04F79EFBC}") = "PolicySearchService.Api", "PolicySearchService.Api\PolicySearchService.Api.csproj", "{29A2598F-C442-4802-87F3-F3FBAE44B1EB}"
EndProject
Project("{FAE04EC0-301F-11D3-BF4B-00C04F79EFBC}") = "PolicySearchService.Test", "PolicySearchService.Test\PolicySearchService.Test.csproj", "{4CF3B29B-C235-404F-9F7A-5F1729F3EC77}"
EndProject
Project("{FAE04EC0-301F-11D3-BF4B-00C04F79EFBC}") = "AuthService", "AuthService\AuthService.csproj", "{8FB26DA8-81E0-4FA1-862B-7F42FD6D0DE9}"
EndProject
Project("{FAE04EC0-301F-11D3-BF4B-00C04F79EFBC}") = "AuthService.Api", "AuthService.Api\AuthService.Api.csproj", "{AF79ACFD-2519-4E27-AC72-6C6075C5FCBD}"
EndProject
Project("{FAE04EC0-301F-11D3-BF4B-00C04F79EFBC}") = "AuthService.Test", "AuthService.Test\AuthService.Test.csproj", "{37E53E8E-8F6B-41E2-9392-15684FB4E33D}"
EndProject
Project("{FAE04EC0-301F-11D3-BF4B-00C04F79EFBC}") = "ChatService", "ChatService\ChatService.csproj", "{0E3FEB51-EE62-4EC0-AAF3-5E41E05B2860}"
EndProject
Project("{FAE04EC0-301F-11D3-BF4B-00C04F79EFBC}") = "ChatService.Api", "ChatService.Api\ChatService.Api.csproj", "{DB38B7C3-064D-4FFD-BD37-CCAF52AE3970}"
EndProject
Project("{FAE04EC0-301F-11D3-BF4B-00C04F79EFBC}") = "ChatService.Test", "ChatService.Test\ChatService.Test.csproj", "{300D97F7-477D-4A70-B062-03C7DED6CFEA}"
EndProject
Project("{FAE04EC0-301F-11D3-BF4B-00C04F79EFBC}") = "DocumentService", "DocumentService\DocumentService.csproj", "{6CA8BA4B-1674-4D1E-BD97-839837909C01}"
EndProject
Project("{FAE04EC0-301F-11D3-BF4B-00C04F79EFBC}") = "DocumentService.Api", "DocumentService.Api\DocumentService.Api.csproj", "{6D18F0AB-70DE-424C-8896-40807870BAB5}"
EndProject
Project("{FAE04EC0-301F-11D3-BF4B-00C04F79EFBC}") = "DocumentService.Test", "DocumentService.Test\DocumentService.Test.csproj", "{F31D4541-A653-434A-A5DE-CBAC89FEC0AE}"
EndProject
Project("{FAE04EC0-301F-11D3-BF4B-00C04F79EFBC}") = "AgentPortalGateway", "AgentPortalGateway\AgentPortalGateway.csproj", "{6501CCEF-9DD9-43D6-98E7-491D782F87BB}"
EndProject
Project("{FAE04EC0-301F-11D3-BF4B-00C04F79EFBC}") = "AgentPortalGateway.Api", "AgentPortalGateway.Api\AgentPortalGateway.Api.csproj", "{45C1786B-0098-4FA6-A80A-F22014C3AC36}"
EndProject
Project("{FAE04EC0-301F-11D3-BF4B-00C04F79EFBC}") = "AgentPortalGateway.Test", "AgentPortalGateway.Test\AgentPortalGateway.Test.csproj", "{EB03B8FB-9306-428A-A5F2-BDD3B343C065}"
EndProject
Global
	GlobalSection(SolutionConfigurationPlatforms) = preSolution
		Debug|Any CPU = Debug|Any CPU
		Release|Any CPU = Release|Any CPU
	EndGlobalSection
	GlobalSection(ProjectConfigurationPlatforms) = postSolution
		{014A7CB7-ADFA-40E5-8C31-F6BE0E503239}.Debug|Any CPU.ActiveCfg = Debug|Any CPU
		{014A7CB7-ADFA-40E5-8C31-F6BE0E503239}.Debug|Any CPU.Build.0 = Debug|Any CPU
		{014A7CB7-ADFA-40E5-8C31-F6BE0E503239}.Release|Any CPU.ActiveCfg = Release|Any CPU
		{014A7CB7-ADFA-40E5-8C31-F6BE0E503239}.Release|Any CPU.Build.0 = Release|Any CPU
		{63836398-47B8-4DCC-B84A-4C9776894C2D}.Debug|Any CPU.ActiveCfg = Debug|Any CPU
		{63836398-47B8-4DCC-B84A-4C9776894C2D}.Debug|Any CPU.Build.0 = Debug|Any CPU
		{63836398-47B8-4DCC-B84A-4C9776894C2D}.Release|Any CPU.ActiveCfg = Release|Any CPU
		{63836398-47B8-4DCC-B84A-4C9776894C2D}.Release|Any CPU.Build.0 = Release|Any CPU
		{CE6E503D-1E87-4E32-9D2B-081B94B2D76D}.Debug|Any CPU.ActiveCfg = Debug|Any CPU
		{CE6E503D-1E87-4E32-9D2B-081B94B2D76D}.Debug|Any CPU.Build.0 = Debug|Any CPU
		{CE6E503D-1E87-4E32-9D2B-081B94B2D76D}.Release|Any CPU.ActiveCfg = Release|Any CPU
		{CE6E503D-1E87-4E32-9D2B-081B94B2D76D}.Release|Any CPU.Build.0 = Release|Any CPU
		{A4E26312-D70C-4F31-9F09-9A487F2D8183}.Debug|Any CPU.ActiveCfg = Debug|Any CPU
		{A4E26312-D70C-4F31-9F09-9A487F2D8183}.Debug|Any CPU.Build.0 = Debug|Any CPU
		{A4E26312-D70C-4F31-9F09-9A487F2D8183}.Release|Any CPU.ActiveCfg = Release|Any CPU
		{A4E26312-D70C-4F31-9F09-9A487F2D8183}.Release|Any CPU.Build.0 = Release|Any CPU
		{E9E23F41-56DA-443E-AB69-ABB4BE8D3A33}.Debug|Any CPU.ActiveCfg = Debug|Any CPU
		{E9E23F41-56DA-443E-AB69-ABB4BE8D3A33}.Debug|Any CPU.Build.0 = Debug|Any CPU
		{E9E23F41-56DA-443E-AB69-ABB4BE8D3A33}.Release|Any CPU.ActiveCfg = Release|Any CPU
		{E9E23F41-56DA-443E-AB69-ABB4BE8D3A33}.Release|Any CPU.Build.0 = Release|Any CPU
		{6D2AE06F-4A1D-4EC4-92F5-08DF90ABB106}.Debug|Any CPU.ActiveCfg = Debug|Any CPU
		{6D2AE06F-4A1D-4EC4-92F5-08DF90ABB106}.Debug|Any CPU.Build.0 = Debug|Any CPU
		{6D2AE06F-4A1D-4EC4-92F5-08DF90ABB106}.Release|Any CPU.ActiveCfg = Release|Any CPU
		{6D2AE06F-4A1D-4EC4-92F5-08DF90ABB106}.Release|Any CPU.Build.0 = Release|Any CPU
		{AAD03898-0AAE-4576-A040-3500ECE9FF1A}.Debug|Any CPU.ActiveCfg = Debug|Any CPU
		{AAD03898-0AAE-4576-A040-3500ECE9FF1A}.Debug|Any CPU.Build.0 = Debug|Any CPU
		{AAD03898-0AAE-4576-A040-3500ECE9FF1A}.Release|Any CPU.ActiveCfg = Release|Any CPU
		{AAD03898-0AAE-4576-A040-3500ECE9FF1A}.Release|Any CPU.Build.0 = Release|Any CPU
		{AC5ABFC8-2966-4D88-948D-069E9E861CCA}.Debug|Any CPU.ActiveCfg = Debug|Any CPU
		{AC5ABFC8-2966-4D88-948D-069E9E861CCA}.Debug|Any CPU.Build.0 = Debug|Any CPU
		{AC5ABFC8-2966-4D88-948D-069E9E861CCA}.Release|Any CPU.ActiveCfg = Release|Any CPU
		{AC5ABFC8-2966-4D88-948D-069E9E861CCA}.Release|Any CPU.Build.0 = Release|Any CPU
		{9E8B1F00-8036-4B3F-AEF2-C60207D5F25A}.Debug|Any CPU.ActiveCfg = Debug|Any CPU
		{9E8B1F00-8036-4B3F-AEF2-C60207D5F25A}.Debug|Any CPU.Build.0 = Debug|Any CPU
		{9E8B1F00-8036-4B3F-AEF2-C60207D5F25A}.Release|Any CPU.ActiveCfg = Release|Any CPU
		{9E8B1F00-8036-4B3F-AEF2-C60207D5F25A}.Release|Any CPU.Build.0 = Release|Any CPU
		{2E8597E1-17FE-44DF-AA99-559C06560A4E}.Debug|Any CPU.ActiveCfg = Debug|Any CPU
		{2E8597E1-17FE-44DF-AA99-559C06560A4E}.Debug|Any CPU.Build.0 = Debug|Any CPU
		{2E8597E1-17FE-44DF-AA99-559C06560A4E}.Release|Any CPU.ActiveCfg = Release|Any CPU
		{2E8597E1-17FE-44DF-AA99-559C06560A4E}.Release|Any CPU.Build.0 = Release|Any CPU
		{006C7DE6-091A-48DE-BF06-9CEED08838D6}.Debug|Any CPU.ActiveCfg = Debug|Any CPU
		{006C7DE6-091A-48DE-BF06-9CEED08838D6}.Debug|Any CPU.Build.0 = Debug|Any CPU
		{006C7DE6-091A-48DE-BF06-9CEED08838D6}.Release|Any CPU.ActiveCfg = Release|Any CPU
		{006C7DE6-091A-48DE-BF06-9CEED08838D6}.Release|Any CPU.Build.0 = Release|Any CPU
		{6DB17623-0749-4E4B-9D1E-FA8A0CE1B84A}.Debug|Any CPU.ActiveCfg = Debug|Any CPU
		{6DB17623-0749-4E4B-9D1E-FA8A0CE1B84A}.Debug|Any CPU.Build.0 = Debug|Any CPU
		{6DB17623-0749-4E4B-9D1E-FA8A0CE1B84A}.Release|Any CPU.ActiveCfg = Release|Any CPU
		{6DB17623-0749-4E4B-9D1E-FA8A0CE1B84A}.Release|Any CPU.Build.0 = Release|Any CPU
		{030BB2F3-1A4E-42E6-BB57-1ECFE9B116B8}.Debug|Any CPU.ActiveCfg = Debug|Any CPU
		{030BB2F3-1A4E-42E6-BB57-1ECFE9B116B8}.Debug|Any CPU.Build.0 = Debug|Any CPU
		{030BB2F3-1A4E-42E6-BB57-1ECFE9B116B8}.Release|Any CPU.ActiveCfg = Release|Any CPU
		{030BB2F3-1A4E-42E6-BB57-1ECFE9B116B8}.Release|Any CPU.Build.0 = Release|Any CPU
		{29A2598F-C442-4802-87F3-F3FBAE44B1EB}.Debug|Any CPU.ActiveCfg = Debug|Any CPU
		{29A2598F-C442-4802-87F3-F3FBAE44B1EB}.Debug|Any CPU.Build.0 = Debug|Any CPU
		{29A2598F-C442-4802-87F3-F3FBAE44B1EB}.Release|Any CPU.ActiveCfg = Release|Any CPU
		{29A2598F-C442-4802-87F3-F3FBAE44B1EB}.Release|Any CPU.Build.0 = Release|Any CPU
		{4CF3B29B-C235-404F-9F7A-5F1729F3EC77}.Debug|Any CPU.ActiveCfg = Debug|Any CPU
		{4CF3B29B-C235-404F-9F7A-5F1729F3EC77}.Debug|Any CPU.Build.0 = Debug|Any CPU
		{4CF3B29B-C235-404F-9F7A-5F1729F3EC77}.Release|Any CPU.ActiveCfg = Release|Any CPU
		{4CF3B29B-C235-404F-9F7A-5F1729F3EC77}.Release|Any CPU.Build.0 = Release|Any CPU
		{8FB26DA8-81E0-4FA1-862B-7F42FD6D0DE9}.Debug|Any CPU.ActiveCfg = Debug|Any CPU
		{8FB26DA8-81E0-4FA1-862B-7F42FD6D0DE9}.Debug|Any CPU.Build.0 = Debug|Any CPU
		{8FB26DA8-81E0-4FA1-862B-7F42FD6D0DE9}.Release|Any CPU.ActiveCfg = Release|Any CPU
		{8FB26DA8-81E0-4FA1-862B-7F42FD6D0DE9}.Release|Any CPU.Build.0 = Release|Any CPU
		{AF79ACFD-2519-4E27-AC72-6C6075C5FCBD}.Debug|Any CPU.ActiveCfg = Debug|Any CPU
		{AF79ACFD-2519-4E27-AC72-6C6075C5FCBD}.Debug|Any CPU.Build.0 = Debug|Any CPU
		{AF79ACFD-2519-4E27-AC72-6C6075C5FCBD}.Release|Any CPU.ActiveCfg = Release|Any CPU
		{AF79ACFD-2519-4E27-AC72-6C6075C5FCBD}.Release|Any CPU.Build.0 = Release|Any CPU
		{37E53E8E-8F6B-41E2-9392-15684FB4E33D}.Debug|Any CPU.ActiveCfg = Debug|Any CPU
		{37E53E8E-8F6B-41E2-9392-15684FB4E33D}.Debug|Any CPU.Build.0 = Debug|Any CPU
		{37E53E8E-8F6B-41E2-9392-15684FB4E33D}.Release|Any CPU.ActiveCfg = Release|Any CPU
		{37E53E8E-8F6B-41E2-9392-15684FB4E33D}.Release|Any CPU.Build.0 = Release|Any CPU
		{0E3FEB51-EE62-4EC0-AAF3-5E41E05B2860}.Debug|Any CPU.ActiveCfg = Debug|Any CPU
		{0E3FEB51-EE62-4EC0-AAF3-5E41E05B2860}.Debug|Any CPU.Build.0 = Debug|Any CPU
		{0E3FEB51-EE62-4EC0-AAF3-5E41E05B2860}.Release|Any CPU.ActiveCfg = Release|Any CPU
		{0E3FEB51-EE62-4EC0-AAF3-5E41E05B2860}.Release|Any CPU.Build.0 = Release|Any CPU
		{DB38B7C3-064D-4FFD-BD37-CCAF52AE3970}.Debug|Any CPU.ActiveCfg = Debug|Any CPU
		{DB38B7C3-064D-4FFD-BD37-CCAF52AE3970}.Debug|Any CPU.Build.0 = Debug|Any CPU
		{DB38B7C3-064D-4FFD-BD37-CCAF52AE3970}.Release|Any CPU.ActiveCfg = Release|Any CPU
		{DB38B7C3-064D-4FFD-BD37-CCAF52AE3970}.Release|Any CPU.Build.0 = Release|Any CPU
		{300D97F7-477D-4A70-B062-03C7DED6CFEA}.Debug|Any CPU.ActiveCfg = Debug|Any CPU
		{300D97F7-477D-4A70-B062-03C7DED6CFEA}.Debug|Any CPU.Build.0 = Debug|Any CPU
		{300D97F7-477D-4A70-B062-03C7DED6CFEA}.Release|Any CPU.ActiveCfg = Release|Any CPU
		{300D97F7-477D-4A70-B062-03C7DED6CFEA}.Release|Any CPU.Build.0 = Release|Any CPU
		{6CA8BA4B-1674-4D1E-BD97-839837909C01}.Debug|Any CPU.ActiveCfg = Debug|Any CPU
		{6CA8BA4B-1674-4D1E-BD97-839837909C01}.Debug|Any CPU.Build.0 = Debug|Any CPU
		{6CA8BA4B-1674-4D1E-BD97-839837909C01}.Release|Any CPU.ActiveCfg = Release|Any CPU
		{6CA8BA4B-1674-4D1E-BD97-839837909C01}.Release|Any CPU.Build.0 = Release|Any CPU
		{6D18F0AB-70DE-424C-8896-40807870BAB5}.Debug|Any CPU.ActiveCfg = Debug|Any CPU
		{6D18F0AB-70DE-424C-8896-40807870BAB5}.Debug|Any CPU.Build.0 = Debug|Any CPU
		{6D18F0AB-70DE-424C-8896-40807870BAB5}.Release|Any CPU.ActiveCfg = Release|Any CPU
		{6D18F0AB-70DE-424C-8896-40807870BAB5}.Release|Any CPU.Build.0 = Release|Any CPU
		{F31D4541-A653-434A-A5DE-CBAC89FEC0AE}.Debug|Any CPU.ActiveCfg = Debug|Any CPU
		{F31D4541-A653-434A-A5DE-CBAC89FEC0AE}.Debug|Any CPU.Build.0 = Debug|Any CPU
		{F31D4541-A653-434A-A5DE-CBAC89FEC0AE}.Release|Any CPU.ActiveCfg = Release|Any CPU
		{F31D4541-A653-434A-A5DE-CBAC89FEC0AE}.Release|Any CPU.Build.0 = Release|Any CPU
		{6501CCEF-9DD9-43D6-98E7-491D782F87BB}.Debug|Any CPU.ActiveCfg = Debug|Any CPU
		{6501CCEF-9DD9-43D6-98E7-491D782F87BB}.Debug|Any CPU.Build.0 = Debug|Any CPU
		{6501CCEF-9DD9-43D6-98E7-491D782F87BB}.Release|Any CPU.ActiveCfg = Release|Any CPU
		{6501CCEF-9DD9-43D6-98E7-491D782F87BB}.Release|Any CPU.Build.0 = Release|Any CPU
		{45C1786B-0098-4FA6-A80A-F22014C3AC36}.Debug|Any CPU.ActiveCfg = Debug|Any CPU
		{45C1786B-0098-4FA6-A80A-F22014C3AC36}.Debug|Any CPU.Build.0 = Debug|Any CPU
		{45C1786B-0098-4FA6-A80A-F22014C3AC36}.Release|Any CPU.ActiveCfg = Release|Any CPU
		{45C1786B-0098-4FA6-A80A-F22014C3AC36}.Release|Any CPU.Build.0 = Release|Any CPU
		{EB03B8FB-9306-428A-A5F2-BDD3B343C065}.Debug|Any CPU.ActiveCfg = Debug|Any CPU
		{EB03B8FB-9306-428A-A5F2-BDD3B343C065}.Debug|Any CPU.Build.0 = Debug|Any CPU
		{EB03B8FB-9306-428A-A5F2-BDD3B343C065}.Release|Any CPU.ActiveCfg = Release|Any CPU
		{EB03B8FB-9306-428A-A5F2-BDD3B343C065}.Release|Any CPU.Build.0 = Release|Any CPU
	EndGlobalSection
	GlobalSection(SolutionProperties) = preSolution
		HideSolutionNode = FALSE
	EndGlobalSection
	GlobalSection(ExtensibilityGlobals) = postSolution
		SolutionGuid = {2FA3C484-2D23-41C8-B954-25A9BE4E7785}
	EndGlobalSection
EndGlobal
